
Microsoft Visual Studio Solution File, Format Version 12.00
# Visual Studio Version 16
VisualStudioVersion = 16.0.33423.256
MinimumVisualStudioVersion = 10.0.40219.1
Project("{FAE04EC0-301F-11D3-BF4B-00C04F79EFBC}") = "MagicStore1.0", "MagicStore1.0\MagicStore1.0.csproj", "{56E3AE14-6637-4494-802D-3F48F58CC31F}"
EndProject
Global
	GlobalSection(SolutionConfigurationPlatforms) = preSolution
		Debug|Any CPU = Debug|Any CPU
		Release|Any CPU = Release|Any CPU
	EndGlobalSection
	GlobalSection(ProjectConfigurationPlatforms) = postSolution
		{56E3AE14-6637-4494-802D-3F48F58CC31F}.Debug|Any CPU.ActiveCfg = Debug|Any CPU
		{56E3AE14-6637-4494-802D-3F48F58CC31F}.Debug|Any CPU.Build.0 = Debug|Any CPU
		{56E3AE14-6637-4494-802D-3F48F58CC31F}.Release|Any CPU.ActiveCfg = Release|Any CPU
		{56E3AE14-6637-4494-802D-3F48F58CC31F}.Release|Any CPU.Build.0 = Release|Any CPU
	EndGlobalSection
	GlobalSection(SolutionProperties) = preSolution
		HideSolutionNode = FALSE
	EndGlobalSection
	GlobalSection(ExtensibilityGlobals) = postSolution
		SolutionGuid = {CF538274-2785-469F-9F74-5C5885F82B57}
	EndGlobalSection
EndGlobal
